
Microsoft Visual Studio Solution File, Format Version 12.00
# Visual Studio Version 17
VisualStudioVersion = 17.4.33213.308
MinimumVisualStudioVersion = 10.0.40219.1
Project("{FAE04EC0-301F-11D3-BF4B-00C04F79EFBC}") = "AutomobileLibrary", "AutomobileLibrary\AutomobileLibrary.csproj", "{4BEC2BB5-DEB1-4267-BE6A-CAE656588FF5}"
EndProject
Project("{FAE04EC0-301F-11D3-BF4B-00C04F79EFBC}") = "AutomobileFormsApp", "AutomobileFormsApp\AutomobileFormsApp.csproj", "{70DF1086-4D80-4D02-B670-C9516434C3F4}"
EndProject
Global
	GlobalSection(SolutionConfigurationPlatforms) = preSolution
		Debug|Any CPU = Debug|Any CPU
		Release|Any CPU = Release|Any CPU
	EndGlobalSection
	GlobalSection(ProjectConfigurationPlatforms) = postSolution
		{4BEC2BB5-DEB1-4267-BE6A-CAE656588FF5}.Debug|Any CPU.ActiveCfg = Debug|Any CPU
		{4BEC2BB5-DEB1-4267-BE6A-CAE656588FF5}.Debug|Any CPU.Build.0 = Debug|Any CPU
		{4BEC2BB5-DEB1-4267-BE6A-CAE656588FF5}.Release|Any CPU.ActiveCfg = Release|Any CPU
		{4BEC2BB5-DEB1-4267-BE6A-CAE656588FF5}.Release|Any CPU.Build.0 = Release|Any CPU
		{70DF1086-4D80-4D02-B670-C9516434C3F4}.Debug|Any CPU.ActiveCfg = Debug|Any CPU
		{70DF1086-4D80-4D02-B670-C9516434C3F4}.Debug|Any CPU.Build.0 = Debug|Any CPU
		{70DF1086-4D80-4D02-B670-C9516434C3F4}.Release|Any CPU.ActiveCfg = Release|Any CPU
		{70DF1086-4D80-4D02-B670-C9516434C3F4}.Release|Any CPU.Build.0 = Release|Any CPU
	EndGlobalSection
	GlobalSection(SolutionProperties) = preSolution
		HideSolutionNode = FALSE
	EndGlobalSection
	GlobalSection(ExtensibilityGlobals) = postSolution
		SolutionGuid = {FD22661E-7BF3-4E58-A862-41C8251443C6}
	EndGlobalSection
EndGlobal
